
Microsoft Visual Studio Solution File, Format Version 12.00
# Visual Studio Version 16
VisualStudioVersion = 16.0.29215.179
MinimumVisualStudioVersion = 10.0.40219.1
Project("{FAE04EC0-301F-11D3-BF4B-00C04F79EFBC}") = "Solid", "Solid\Solid.csproj", "{9202F38A-0C4F-40B0-9C62-201C3B1C5E7F}"
EndProject
Global
	GlobalSection(SolutionConfigurationPlatforms) = preSolution
		Debug|Any CPU = Debug|Any CPU
		Release|Any CPU = Release|Any CPU
	EndGlobalSection
	GlobalSection(ProjectConfigurationPlatforms) = postSolution
		{9202F38A-0C4F-40B0-9C62-201C3B1C5E7F}.Debug|Any CPU.ActiveCfg = Debug|Any CPU
		{9202F38A-0C4F-40B0-9C62-201C3B1C5E7F}.Debug|Any CPU.Build.0 = Debug|Any CPU
		{9202F38A-0C4F-40B0-9C62-201C3B1C5E7F}.Release|Any CPU.ActiveCfg = Release|Any CPU
		{9202F38A-0C4F-40B0-9C62-201C3B1C5E7F}.Release|Any CPU.Build.0 = Release|Any CPU
	EndGlobalSection
	GlobalSection(SolutionProperties) = preSolution
		HideSolutionNode = FALSE
	EndGlobalSection
	GlobalSection(ExtensibilityGlobals) = postSolution
		SolutionGuid = {54C75887-D8C0-48A6-B4D5-7EA20304F84B}
	EndGlobalSection
EndGlobal
